
Microsoft Visual Studio Solution File, Format Version 12.00
# Visual Studio Version 17
VisualStudioVersion = 17.3.32804.467
MinimumVisualStudioVersion = 10.0.40219.1
Project("{9A19103F-16F7-4668-BE54-9A1E7A4F7556}") = "ConsoleApp1", "ConsoleApp1\ConsoleApp1.csproj", "{8022ADD1-DCB7-4CF7-A9A3-A8151C040415}"
EndProject
Project("{FAE04EC0-301F-11D3-BF4B-00C04F79EFBC}") = "multest", "multest\multest.csproj", "{2F59253B-A808-4533-8729-91DE95B0F86A}"
EndProject
Global
	GlobalSection(SolutionConfigurationPlatforms) = preSolution
		Debug|Any CPU = Debug|Any CPU
		Release|Any CPU = Release|Any CPU
	EndGlobalSection
	GlobalSection(ProjectConfigurationPlatforms) = postSolution
		{8022ADD1-DCB7-4CF7-A9A3-A8151C040415}.Debug|Any CPU.ActiveCfg = Debug|Any CPU
		{8022ADD1-DCB7-4CF7-A9A3-A8151C040415}.Debug|Any CPU.Build.0 = Debug|Any CPU
		{8022ADD1-DCB7-4CF7-A9A3-A8151C040415}.Release|Any CPU.ActiveCfg = Release|Any CPU
		{8022ADD1-DCB7-4CF7-A9A3-A8151C040415}.Release|Any CPU.Build.0 = Release|Any CPU
		{2F59253B-A808-4533-8729-91DE95B0F86A}.Debug|Any CPU.ActiveCfg = Debug|Any CPU
		{2F59253B-A808-4533-8729-91DE95B0F86A}.Debug|Any CPU.Build.0 = Debug|Any CPU
		{2F59253B-A808-4533-8729-91DE95B0F86A}.Release|Any CPU.ActiveCfg = Release|Any CPU
		{2F59253B-A808-4533-8729-91DE95B0F86A}.Release|Any CPU.Build.0 = Release|Any CPU
	EndGlobalSection
	GlobalSection(SolutionProperties) = preSolution
		HideSolutionNode = FALSE
	EndGlobalSection
	GlobalSection(ExtensibilityGlobals) = postSolution
		SolutionGuid = {6A30C0DE-6EC8-4988-B6F3-D90427CAEA9D}
	EndGlobalSection
EndGlobal
